
Microsoft Visual Studio Solution File, Format Version 12.00
# Visual Studio Version 17
VisualStudioVersion = 17.7.33906.173
MinimumVisualStudioVersion = 10.0.40219.1
Project("{FAE04EC0-301F-11D3-BF4B-00C04F79EFBC}") = "TafWeb.API", "TafWeb.API\TafWeb.API.csproj", "{A79DAB8C-E6EA-481F-B882-84515E8E6638}"
EndProject
Project("{FAE04EC0-301F-11D3-BF4B-00C04F79EFBC}") = "TafWeb.Shared", "TafWeb.Shared\TafWeb.Shared.csproj", "{F1FBD89F-96BB-432B-BE9D-8C8D1E49C9E0}"
EndProject
Project("{FAE04EC0-301F-11D3-BF4B-00C04F79EFBC}") = "TafWeb.DAL", "TafWeb.DAL\TafWeb.DAL.csproj", "{440D7C3E-841C-4B74-9B16-1A753BF8FF39}"
EndProject
Project("{FAE04EC0-301F-11D3-BF4B-00C04F79EFBC}") = "TafWeb.BL", "TafWeb.BL\TafWeb.BL.csproj", "{4C562CED-6EC5-4A6F-9EFC-C19FC2060085}"
EndProject
Project("{FAE04EC0-301F-11D3-BF4B-00C04F79EFBC}") = "TafWeb.Client", "TafWeb.Client\TafWeb.Client.csproj", "{D1AC52B4-7DB5-46EC-BE8C-B00909B38D5B}"
EndProject
Project("{FAE04EC0-301F-11D3-BF4B-00C04F79EFBC}") = "TafWeb.Admin", "TafWeb.Admin\TafWeb.Admin.csproj", "{65D0581E-C8DF-442D-B38D-43DBA9EAD94D}"
EndProject
Global
	GlobalSection(SolutionConfigurationPlatforms) = preSolution
		Debug|Any CPU = Debug|Any CPU
		Release|Any CPU = Release|Any CPU
	EndGlobalSection
	GlobalSection(ProjectConfigurationPlatforms) = postSolution
		{A79DAB8C-E6EA-481F-B882-84515E8E6638}.Debug|Any CPU.ActiveCfg = Debug|Any CPU
		{A79DAB8C-E6EA-481F-B882-84515E8E6638}.Debug|Any CPU.Build.0 = Debug|Any CPU
		{A79DAB8C-E6EA-481F-B882-84515E8E6638}.Release|Any CPU.ActiveCfg = Release|Any CPU
		{A79DAB8C-E6EA-481F-B882-84515E8E6638}.Release|Any CPU.Build.0 = Release|Any CPU
		{F1FBD89F-96BB-432B-BE9D-8C8D1E49C9E0}.Debug|Any CPU.ActiveCfg = Debug|Any CPU
		{F1FBD89F-96BB-432B-BE9D-8C8D1E49C9E0}.Debug|Any CPU.Build.0 = Debug|Any CPU
		{F1FBD89F-96BB-432B-BE9D-8C8D1E49C9E0}.Release|Any CPU.ActiveCfg = Release|Any CPU
		{F1FBD89F-96BB-432B-BE9D-8C8D1E49C9E0}.Release|Any CPU.Build.0 = Release|Any CPU
		{440D7C3E-841C-4B74-9B16-1A753BF8FF39}.Debug|Any CPU.ActiveCfg = Debug|Any CPU
		{440D7C3E-841C-4B74-9B16-1A753BF8FF39}.Debug|Any CPU.Build.0 = Debug|Any CPU
		{440D7C3E-841C-4B74-9B16-1A753BF8FF39}.Release|Any CPU.ActiveCfg = Release|Any CPU
		{440D7C3E-841C-4B74-9B16-1A753BF8FF39}.Release|Any CPU.Build.0 = Release|Any CPU
		{4C562CED-6EC5-4A6F-9EFC-C19FC2060085}.Debug|Any CPU.ActiveCfg = Debug|Any CPU
		{4C562CED-6EC5-4A6F-9EFC-C19FC2060085}.Debug|Any CPU.Build.0 = Debug|Any CPU
		{4C562CED-6EC5-4A6F-9EFC-C19FC2060085}.Release|Any CPU.ActiveCfg = Release|Any CPU
		{4C562CED-6EC5-4A6F-9EFC-C19FC2060085}.Release|Any CPU.Build.0 = Release|Any CPU
		{D1AC52B4-7DB5-46EC-BE8C-B00909B38D5B}.Debug|Any CPU.ActiveCfg = Debug|Any CPU
		{D1AC52B4-7DB5-46EC-BE8C-B00909B38D5B}.Debug|Any CPU.Build.0 = Debug|Any CPU
		{D1AC52B4-7DB5-46EC-BE8C-B00909B38D5B}.Release|Any CPU.ActiveCfg = Release|Any CPU
		{D1AC52B4-7DB5-46EC-BE8C-B00909B38D5B}.Release|Any CPU.Build.0 = Release|Any CPU
		{65D0581E-C8DF-442D-B38D-43DBA9EAD94D}.Debug|Any CPU.ActiveCfg = Debug|Any CPU
		{65D0581E-C8DF-442D-B38D-43DBA9EAD94D}.Debug|Any CPU.Build.0 = Debug|Any CPU
		{65D0581E-C8DF-442D-B38D-43DBA9EAD94D}.Release|Any CPU.ActiveCfg = Release|Any CPU
		{65D0581E-C8DF-442D-B38D-43DBA9EAD94D}.Release|Any CPU.Build.0 = Release|Any CPU
	EndGlobalSection
	GlobalSection(SolutionProperties) = preSolution
		HideSolutionNode = FALSE
	EndGlobalSection
	GlobalSection(ExtensibilityGlobals) = postSolution
		SolutionGuid = {54B137A2-7E64-4DCC-B37C-10CAC63E0BAC}
	EndGlobalSection
EndGlobal
